// !$*UTF8*$!
{
	archiveVersion = 1;
	classes = {
	};
	objectVersion = 46;
	objects = {

/* Begin PBXBuildFile section */
		A063E5CECEFF99E9286FE06B /* Pods_Space_Fighter.framework in Frameworks */ = {isa = PBXBuildFile; fileRef = 01C9CC76B3688FD838947F33 /* Pods_Space_Fighter.framework */; };
		EA2DBC8A1D4FDCC90066457A /* Settings.swift in Sources */ = {isa = PBXBuildFile; fileRef = EA2DBC891D4FDCC90066457A /* Settings.swift */; };
		EA4F38B01D428B9E00E42D87 /* GoogleMobileAds.framework in Frameworks */ = {isa = PBXBuildFile; fileRef = EA4F38AF1D428B9E00E42D87 /* GoogleMobileAds.framework */; };
		EA4F38B41D429EC400E42D87 /* GoogleService-Info.plist in Resources */ = {isa = PBXBuildFile; fileRef = EA4F38B31D429EC400E42D87 /* GoogleService-Info.plist */; };
		EAA873B21D3445ED00CCB8D5 /* powerUp.mp3 in Resources */ = {isa = PBXBuildFile; fileRef = EAA873B11D3445ED00CCB8D5 /* powerUp.mp3 */; };
		EABA0DE01D5138C000037EB3 /* MundialScoreTableViewController.swift in Sources */ = {isa = PBXBuildFile; fileRef = EABA0DDF1D5138C000037EB3 /* MundialScoreTableViewController.swift */; };
		EABA0DE21D5145CD00037EB3 /* UploadViewController.swift in Sources */ = {isa = PBXBuildFile; fileRef = EABA0DE11D5145CD00037EB3 /* UploadViewController.swift */; };
		EAE37D4D1D342E080062981B /* Main.storyboard in Resources */ = {isa = PBXBuildFile; fileRef = EAE37D4B1D342E080062981B /* Main.storyboard */; };
		EAE37D5A1D342E230062981B /* AppDelegate.swift in Sources */ = {isa = PBXBuildFile; fileRef = EAE37D591D342E230062981B /* AppDelegate.swift */; };
		EAE37D5E1D342E3E0062981B /* GameScene.swift in Sources */ = {isa = PBXBuildFile; fileRef = EAE37D5B1D342E3E0062981B /* GameScene.swift */; };
		EAE37D5F1D342E3E0062981B /* MenuScene.swift in Sources */ = {isa = PBXBuildFile; fileRef = EAE37D5C1D342E3E0062981B /* MenuScene.swift */; };
		EAE37D601D342E3E0062981B /* GameViewController.swift in Sources */ = {isa = PBXBuildFile; fileRef = EAE37D5D1D342E3E0062981B /* GameViewController.swift */; };
		EAE37D641D342E460062981B /* Fire.sks in Resources */ = {isa = PBXBuildFile; fileRef = EAE37D611D342E460062981B /* Fire.sks */; };
		EAE37D651D342E460062981B /* Smoke.sks in Resources */ = {isa = PBXBuildFile; fileRef = EAE37D621D342E460062981B /* Smoke.sks */; };
		EAE37D661D342E460062981B /* spark.png in Resources */ = {isa = PBXBuildFile; fileRef = EAE37D631D342E460062981B /* spark.png */; };
		EAE37D681D342E4F0062981B /* Assets.xcassets in Resources */ = {isa = PBXBuildFile; fileRef = EAE37D671D342E4F0062981B /* Assets.xcassets */; };
		EAE37D6F1D342E580062981B /* explsoion.mp3 in Resources */ = {isa = PBXBuildFile; fileRef = EAE37D691D342E580062981B /* explsoion.mp3 */; };
		EAE37D701D342E580062981B /* fireSound.mp3 in Resources */ = {isa = PBXBuildFile; fileRef = EAE37D6A1D342E580062981B /* fireSound.mp3 */; };
		EAE37D711D342E580062981B /* backgroundSound.mp3 in Resources */ = {isa = PBXBuildFile; fileRef = EAE37D6B1D342E580062981B /* backgroundSound.mp3 */; };
		EAE37D721D342E580062981B /* MSButtonNode.swift in Sources */ = {isa = PBXBuildFile; fileRef = EAE37D6C1D342E580062981B /* MSButtonNode.swift */; };
		EAE37D731D342E580062981B /* VCR_OSD_MONO_.otf in Resources */ = {isa = PBXBuildFile; fileRef = EAE37D6D1D342E580062981B /* VCR_OSD_MONO_.otf */; };
		EAE37D741D342E580062981B /* CGVector+Extensions.swift in Sources */ = {isa = PBXBuildFile; fileRef = EAE37D6E1D342E580062981B /* CGVector+Extensions.swift */; };
		EAE37D761D342F070062981B /* LaunchScreen.storyboard in Resources */ = {isa = PBXBuildFile; fileRef = EAE37D751D342F070062981B /* LaunchScreen.storyboard */; };
/* End PBXBuildFile section */

/* Begin PBXFileReference section */
		01C9CC76B3688FD838947F33 /* Pods_Space_Fighter.framework */ = {isa = PBXFileReference; explicitFileType = wrapper.framework; includeInIndex = 0; path = Pods_Space_Fighter.framework; sourceTree = BUILT_PRODUCTS_DIR; };
		032B562AD0FFDD3135DC9648 /* Pods-Space Fighter.debug.xcconfig */ = {isa = PBXFileReference; includeInIndex = 1; lastKnownFileType = text.xcconfig; name = "Pods-Space Fighter.debug.xcconfig"; path = "Pods/Target Support Files/Pods-Space Fighter/Pods-Space Fighter.debug.xcconfig"; sourceTree = "<group>"; };
		5935CDFEA1E4BCF8C7F3CB0A /* Pods-Space Fighter.release.xcconfig */ = {isa = PBXFileReference; includeInIndex = 1; lastKnownFileType = text.xcconfig; name = "Pods-Space Fighter.release.xcconfig"; path = "Pods/Target Support Files/Pods-Space Fighter/Pods-Space Fighter.release.xcconfig"; sourceTree = "<group>"; };
		EA2DBC891D4FDCC90066457A /* Settings.swift */ = {isa = PBXFileReference; fileEncoding = 4; lastKnownFileType = sourcecode.swift; path = Settings.swift; sourceTree = "<group>"; };
		EA4F38AF1D428B9E00E42D87 /* GoogleMobileAds.framework */ = {isa = PBXFileReference; lastKnownFileType = wrapper.framework; name = GoogleMobileAds.framework; path = "../../Downloads/GoogleMobileAdsSdkiOS-7.9.1 3/GoogleMobileAds.framework"; sourceTree = "<group>"; };
		EA4F38B11D429EB100E42D87 /* Info.plist */ = {isa = PBXFileReference; fileEncoding = 4; lastKnownFileType = text.plist.xml; path = Info.plist; sourceTree = "<group>"; };
		EA4F38B31D429EC400E42D87 /* GoogleService-Info.plist */ = {isa = PBXFileReference; fileEncoding = 4; lastKnownFileType = text.plist.xml; path = "GoogleService-Info.plist"; sourceTree = "<group>"; };
		EAA873B11D3445ED00CCB8D5 /* powerUp.mp3 */ = {isa = PBXFileReference; lastKnownFileType = audio.mp3; path = powerUp.mp3; sourceTree = "<group>"; };
		EABA0DDF1D5138C000037EB3 /* MundialScoreTableViewController.swift */ = {isa = PBXFileReference; fileEncoding = 4; lastKnownFileType = sourcecode.swift; path = MundialScoreTableViewController.swift; sourceTree = "<group>"; };
		EABA0DE11D5145CD00037EB3 /* UploadViewController.swift */ = {isa = PBXFileReference; fileEncoding = 4; lastKnownFileType = sourcecode.swift; path = UploadViewController.swift; sourceTree = "<group>"; };
		EAE37D401D342E080062981B /* Space Fighter.app */ = {isa = PBXFileReference; explicitFileType = wrapper.application; includeInIndex = 0; path = "Space Fighter.app"; sourceTree = BUILT_PRODUCTS_DIR; };
		EAE37D4C1D342E080062981B /* Base */ = {isa = PBXFileReference; lastKnownFileType = file.storyboard; name = Base; path = Base.lproj/Main.storyboard; sourceTree = "<group>"; };
		EAE37D591D342E230062981B /* AppDelegate.swift */ = {isa = PBXFileReference; fileEncoding = 4; lastKnownFileType = sourcecode.swift; path = AppDelegate.swift; sourceTree = "<group>"; };
		EAE37D5B1D342E3E0062981B /* GameScene.swift */ = {isa = PBXFileReference; fileEncoding = 4; lastKnownFileType = sourcecode.swift; path = GameScene.swift; sourceTree = "<group>"; };
		EAE37D5C1D342E3E0062981B /* MenuScene.swift */ = {isa = PBXFileReference; fileEncoding = 4; lastKnownFileType = sourcecode.swift; path = MenuScene.swift; sourceTree = "<group>"; };
		EAE37D5D1D342E3E0062981B /* GameViewController.swift */ = {isa = PBXFileReference; fileEncoding = 4; lastKnownFileType = sourcecode.swift; path = GameViewController.swift; sourceTree = "<group>"; };
		EAE37D611D342E460062981B /* Fire.sks */ = {isa = PBXFileReference; lastKnownFileType = file.sks; path = Fire.sks; sourceTree = "<group>"; };
		EAE37D621D342E460062981B /* Smoke.sks */ = {isa = PBXFileReference; lastKnownFileType = file.sks; path = Smoke.sks; sourceTree = "<group>"; };
		EAE37D631D342E460062981B /* spark.png */ = {isa = PBXFileReference; lastKnownFileType = image.png; path = spark.png; sourceTree = "<group>"; };
		EAE37D671D342E4F0062981B /* Assets.xcassets */ = {isa = PBXFileReference; lastKnownFileType = folder.assetcatalog; path = Assets.xcassets; sourceTree = "<group>"; };
		EAE37D691D342E580062981B /* explsoion.mp3 */ = {isa = PBXFileReference; lastKnownFileType = audio.mp3; path = explsoion.mp3; sourceTree = "<group>"; };
		EAE37D6A1D342E580062981B /* fireSound.mp3 */ = {isa = PBXFileReference; lastKnownFileType = audio.mp3; path = fireSound.mp3; sourceTree = "<group>"; };
		EAE37D6B1D342E580062981B /* backgroundSound.mp3 */ = {isa = PBXFileReference; lastKnownFileType = audio.mp3; path = backgroundSound.mp3; sourceTree = "<group>"; };
		EAE37D6C1D342E580062981B /* MSButtonNode.swift */ = {isa = PBXFileReference; fileEncoding = 4; lastKnownFileType = sourcecode.swift; path = MSButtonNode.swift; sourceTree = "<group>"; };
		EAE37D6D1D342E580062981B /* VCR_OSD_MONO_.otf */ = {isa = PBXFileReference; lastKnownFileType = file; path = VCR_OSD_MONO_.otf; sourceTree = "<group>"; };
		EAE37D6E1D342E580062981B /* CGVector+Extensions.swift */ = {isa = PBXFileReference; fileEncoding = 4; lastKnownFileType = sourcecode.swift; path = "CGVector+Extensions.swift"; sourceTree = "<group>"; };
		EAE37D751D342F070062981B /* LaunchScreen.storyboard */ = {isa = PBXFileReference; fileEncoding = 4; lastKnownFileType = file.storyboard; path = LaunchScreen.storyboard; sourceTree = "<group>"; };
/* End PBXFileReference section */

/* Begin PBXFrameworksBuildPhase section */
		EAE37D3D1D342E080062981B /* Frameworks */ = {
			isa = PBXFrameworksBuildPhase;
			buildActionMask = 2147483647;
			files = (
				EA4F38B01D428B9E00E42D87 /* GoogleMobileAds.framework in Frameworks */,
				A063E5CECEFF99E9286FE06B /* Pods_Space_Fighter.framework in Frameworks */,
			);
			runOnlyForDeploymentPostprocessing = 0;
		};
/* End PBXFrameworksBuildPhase section */

/* Begin PBXGroup section */
		1325887B2A9A70226EF51309 /* Frameworks */ = {
			isa = PBXGroup;
			children = (
				EA4F38AF1D428B9E00E42D87 /* GoogleMobileAds.framework */,
				01C9CC76B3688FD838947F33 /* Pods_Space_Fighter.framework */,
			);
			name = Frameworks;
			sourceTree = "<group>";
		};
		483BE342C34504405619DBCF /* Pods */ = {
			isa = PBXGroup;
			children = (
				032B562AD0FFDD3135DC9648 /* Pods-Space Fighter.debug.xcconfig */,
				5935CDFEA1E4BCF8C7F3CB0A /* Pods-Space Fighter.release.xcconfig */,
			);
			name = Pods;
			sourceTree = "<group>";
		};
		EA2DBC831D4FCEE70066457A /* Demas */ = {
			isa = PBXGroup;
			children = (
				EAA873B11D3445ED00CCB8D5 /* powerUp.mp3 */,
				EAE37D691D342E580062981B /* explsoion.mp3 */,
				EAE37D6A1D342E580062981B /* fireSound.mp3 */,
				EAE37D6B1D342E580062981B /* backgroundSound.mp3 */,
				EAE37D6C1D342E580062981B /* MSButtonNode.swift */,
				EAE37D6D1D342E580062981B /* VCR_OSD_MONO_.otf */,
				EAE37D6E1D342E580062981B /* CGVector+Extensions.swift */,
			);
			name = Demas;
			sourceTree = "<group>";
		};
		EA2DBC841D4FCEFD0066457A /* Particles */ = {
			isa = PBXGroup;
			children = (
				EAE37D611D342E460062981B /* Fire.sks */,
				EAE37D621D342E460062981B /* Smoke.sks */,
				EAE37D631D342E460062981B /* spark.png */,
			);
			name = Particles;
			sourceTree = "<group>";
		};
		EAE37D371D342E080062981B = {
			isa = PBXGroup;
			children = (
				EAE37D421D342E080062981B /* Space Fighter */,
				EAE37D411D342E080062981B /* Products */,
				483BE342C34504405619DBCF /* Pods */,
				1325887B2A9A70226EF51309 /* Frameworks */,
			);
			sourceTree = "<group>";
		};
		EAE37D411D342E080062981B /* Products */ = {
			isa = PBXGroup;
			children = (
				EAE37D401D342E080062981B /* Space Fighter.app */,
			);
			name = Products;
			sourceTree = "<group>";
		};
		EAE37D421D342E080062981B /* Space Fighter */ = {
			isa = PBXGroup;
			children = (
				EAE37D591D342E230062981B /* AppDelegate.swift */,
				EAE37D5D1D342E3E0062981B /* GameViewController.swift */,
				EAE37D5C1D342E3E0062981B /* MenuScene.swift */,
				EA2DBC891D4FDCC90066457A /* Settings.swift */,
				EAE37D5B1D342E3E0062981B /* GameScene.swift */,
				EABA0DDF1D5138C000037EB3 /* MundialScoreTableViewController.swift */,
				EABA0DE11D5145CD00037EB3 /* UploadViewController.swift */,
				EAE37D671D342E4F0062981B /* Assets.xcassets */,
				EAE37D751D342F070062981B /* LaunchScreen.storyboard */,
				EAE37D4B1D342E080062981B /* Main.storyboard */,
				EA4F38B11D429EB100E42D87 /* Info.plist */,
				EA4F38B31D429EC400E42D87 /* GoogleService-Info.plist */,
				EA2DBC841D4FCEFD0066457A /* Particles */,
				EA2DBC831D4FCEE70066457A /* Demas */,
			);
			path = "Space Fighter";
			sourceTree = "<group>";
		};
/* End PBXGroup section */

/* Begin PBXNativeTarget section */
		EAE37D3F1D342E080062981B /* Space Fighter */ = {
			isa = PBXNativeTarget;
			buildConfigurationList = EAE37D561D342E080062981B /* Build configuration list for PBXNativeTarget "Space Fighter" */;
			buildPhases = (
				F769CD644B3D44C1F36B331D /* [CP] Check Pods Manifest.lock */,
				EAE37D3C1D342E080062981B /* Sources */,
				EAE37D3D1D342E080062981B /* Frameworks */,
				EAE37D3E1D342E080062981B /* Resources */,
				D56D6FA378140891239AD1A3 /* [CP] Embed Pods Frameworks */,
				2DC02F5887AADD2C41581B43 /* [CP] Copy Pods Resources */,
			);
			buildRules = (
			);
			dependencies = (
			);
			name = "Space Fighter";
			productName = "Space Fighter";
			productReference = EAE37D401D342E080062981B /* Space Fighter.app */;
			productType = "com.apple.product-type.application";
		};
/* End PBXNativeTarget section */

/* Begin PBXProject section */
		EAE37D381D342E080062981B /* Project object */ = {
			isa = PBXProject;
			attributes = {
				LastSwiftUpdateCheck = 0730;
				LastUpgradeCheck = 0730;
				ORGANIZATIONNAME = "Gonzalo Caballero";
				TargetAttributes = {
					EAE37D3F1D342E080062981B = {
						CreatedOnToolsVersion = 7.3.1;
						DevelopmentTeam = YNVNQYSW3V;
						SystemCapabilities = {
							com.apple.BackgroundModes = {
								enabled = 1;
							};
							com.apple.Push = {
								enabled = 1;
							};
						};
					};
				};
			};
			buildConfigurationList = EAE37D3B1D342E080062981B /* Build configuration list for PBXProject "Space Fighter" */;
			compatibilityVersion = "Xcode 3.2";
			developmentRegion = English;
			hasScannedForEncodings = 0;
			knownRegions = (
				en,
				Base,
			);
			mainGroup = EAE37D371D342E080062981B;
			productRefGroup = EAE37D411D342E080062981B /* Products */;
			projectDirPath = "";
			projectRoot = "";
			targets = (
				EAE37D3F1D342E080062981B /* Space Fighter */,
			);
		};
/* End PBXProject section */

/* Begin PBXResourcesBuildPhase section */
		EAE37D3E1D342E080062981B /* Resources */ = {
			isa = PBXResourcesBuildPhase;
			buildActionMask = 2147483647;
			files = (
				EA4F38B41D429EC400E42D87 /* GoogleService-Info.plist in Resources */,
				EAE37D731D342E580062981B /* VCR_OSD_MONO_.otf in Resources */,
				EAE37D661D342E460062981B /* spark.png in Resources */,
				EAE37D701D342E580062981B /* fireSound.mp3 in Resources */,
				EAE37D711D342E580062981B /* backgroundSound.mp3 in Resources */,
				EAE37D641D342E460062981B /* Fire.sks in Resources */,
				EAE37D6F1D342E580062981B /* explsoion.mp3 in Resources */,
				EAE37D651D342E460062981B /* Smoke.sks in Resources */,
				EAE37D681D342E4F0062981B /* Assets.xcassets in Resources */,
				EAE37D761D342F070062981B /* LaunchScreen.storyboard in Resources */,
				EAE37D4D1D342E080062981B /* Main.storyboard in Resources */,
				EAA873B21D3445ED00CCB8D5 /* powerUp.mp3 in Resources */,
			);
			runOnlyForDeploymentPostprocessing = 0;
		};
/* End PBXResourcesBuildPhase section */

/* Begin PBXShellScriptBuildPhase section */
		2DC02F5887AADD2C41581B43 /* [CP] Copy Pods Resources */ = {
			isa = PBXShellScriptBuildPhase;
			buildActionMask = 2147483647;
			files = (
			);
			inputPaths = (
			);
			name = "[CP] Copy Pods Resources";
			outputPaths = (
			);
			runOnlyForDeploymentPostprocessing = 0;
			shellPath = /bin/sh;
			shellScript = "\"${SRCROOT}/Pods/Target Support Files/Pods-Space Fighter/Pods-Space Fighter-resources.sh\"\n";
			showEnvVarsInLog = 0;
		};
		D56D6FA378140891239AD1A3 /* [CP] Embed Pods Frameworks */ = {
			isa = PBXShellScriptBuildPhase;
			buildActionMask = 2147483647;
			files = (
			);
			inputPaths = (
			);
			name = "[CP] Embed Pods Frameworks";
			outputPaths = (
			);
			runOnlyForDeploymentPostprocessing = 0;
			shellPath = /bin/sh;
			shellScript = "\"${SRCROOT}/Pods/Target Support Files/Pods-Space Fighter/Pods-Space Fighter-frameworks.sh\"\n";
			showEnvVarsInLog = 0;
		};
		F769CD644B3D44C1F36B331D /* [CP] Check Pods Manifest.lock */ = {
			isa = PBXShellScriptBuildPhase;
			buildActionMask = 2147483647;
			files = (
			);
			inputPaths = (
			);
			name = "[CP] Check Pods Manifest.lock";
			outputPaths = (
			);
			runOnlyForDeploymentPostprocessing = 0;
			shellPath = /bin/sh;
			shellScript = "diff \"${PODS_ROOT}/../Podfile.lock\" \"${PODS_ROOT}/Manifest.lock\" > /dev/null\nif [[ $? != 0 ]] ; then\n    cat << EOM\nerror: The sandbox is not in sync with the Podfile.lock. Run 'pod install' or update your CocoaPods installation.\nEOM\n    exit 1\nfi\n";
			showEnvVarsInLog = 0;
		};
/* End PBXShellScriptBuildPhase section */

/* Begin PBXSourcesBuildPhase section */
		EAE37D3C1D342E080062981B /* Sources */ = {
			isa = PBXSourcesBuildPhase;
			buildActionMask = 2147483647;
			files = (
				EAE37D601D342E3E0062981B /* GameViewController.swift in Sources */,
				EAE37D5F1D342E3E0062981B /* MenuScene.swift in Sources */,
				EAE37D741D342E580062981B /* CGVector+Extensions.swift in Sources */,
				EAE37D5E1D342E3E0062981B /* GameScene.swift in Sources */,
				EABA0DE21D5145CD00037EB3 /* UploadViewController.swift in Sources */,
				EA2DBC8A1D4FDCC90066457A /* Settings.swift in Sources */,
				EABA0DE01D5138C000037EB3 /* MundialScoreTableViewController.swift in Sources */,
				EAE37D5A1D342E230062981B /* AppDelegate.swift in Sources */,
				EAE37D721D342E580062981B /* MSButtonNode.swift in Sources */,
			);
			runOnlyForDeploymentPostprocessing = 0;
		};
/* End PBXSourcesBuildPhase section */

/* Begin PBXVariantGroup section */
		EAE37D4B1D342E080062981B /* Main.storyboard */ = {
			isa = PBXVariantGroup;
			children = (
				EAE37D4C1D342E080062981B /* Base */,
			);
			name = Main.storyboard;
			sourceTree = "<group>";
		};
/* End PBXVariantGroup section */

/* Begin XCBuildConfiguration section */
		EAE37D541D342E080062981B /* Debug */ = {
			isa = XCBuildConfiguration;
			buildSettings = {
				ALWAYS_SEARCH_USER_PATHS = NO;
				CLANG_ANALYZER_NONNULL = YES;
				CLANG_CXX_LANGUAGE_STANDARD = "gnu++0x";
				CLANG_CXX_LIBRARY = "libc++";
				CLANG_ENABLE_MODULES = YES;
				CLANG_ENABLE_OBJC_ARC = YES;
				CLANG_WARN_BOOL_CONVERSION = YES;
				CLANG_WARN_CONSTANT_CONVERSION = YES;
				CLANG_WARN_DIRECT_OBJC_ISA_USAGE = YES_ERROR;
				CLANG_WARN_EMPTY_BODY = YES;
				CLANG_WARN_ENUM_CONVERSION = YES;
				CLANG_WARN_INT_CONVERSION = YES;
				CLANG_WARN_OBJC_ROOT_CLASS = YES_ERROR;
				CLANG_WARN_UNREACHABLE_CODE = YES;
				CLANG_WARN__DUPLICATE_METHOD_MATCH = YES;
				"CODE_SIGN_IDENTITY[sdk=iphoneos*]" = "iPhone Developer";
				COPY_PHASE_STRIP = NO;
				DEBUG_INFORMATION_FORMAT = "dwarf-with-dsym";
				ENABLE_STRICT_OBJC_MSGSEND = YES;
				ENABLE_TESTABILITY = YES;
				GCC_C_LANGUAGE_STANDARD = gnu99;
				GCC_DYNAMIC_NO_PIC = NO;
				GCC_NO_COMMON_BLOCKS = YES;
				GCC_OPTIMIZATION_LEVEL = 0;
				GCC_PREPROCESSOR_DEFINITIONS = (
					"DEBUG=1",
					"$(inherited)",
				);
				GCC_WARN_64_TO_32_BIT_CONVERSION = YES;
				GCC_WARN_ABOUT_RETURN_TYPE = YES_ERROR;
				GCC_WARN_UNDECLARED_SELECTOR = YES;
				GCC_WARN_UNINITIALIZED_AUTOS = YES_AGGRESSIVE;
				GCC_WARN_UNUSED_FUNCTION = YES;
				GCC_WARN_UNUSED_VARIABLE = YES;
				IPHONEOS_DEPLOYMENT_TARGET = 9.3;
				MTL_ENABLE_DEBUG_INFO = YES;
				ONLY_ACTIVE_ARCH = YES;
				SDKROOT = iphoneos;
				SWIFT_OPTIMIZATION_LEVEL = "-Onone";
				TARGETED_DEVICE_FAMILY = "1,2";
			};
			name = Debug;
		};
		EAE37D551D342E080062981B /* Release */ = {
			isa = XCBuildConfiguration;
			buildSettings = {
				ALWAYS_SEARCH_USER_PATHS = NO;
				CLANG_ANALYZER_NONNULL = YES;
				CLANG_CXX_LANGUAGE_STANDARD = "gnu++0x";
				CLANG_CXX_LIBRARY = "libc++";
				CLANG_ENABLE_MODULES = YES;
				CLANG_ENABLE_OBJC_ARC = YES;
				CLANG_WARN_BOOL_CONVERSION = YES;
				CLANG_WARN_CONSTANT_CONVERSION = YES;
				CLANG_WARN_DIRECT_OBJC_ISA_USAGE = YES_ERROR;
				CLANG_WARN_EMPTY_BODY = YES;
				CLANG_WARN_ENUM_CONVERSION = YES;
				CLANG_WARN_INT_CONVERSION = YES;
				CLANG_WARN_OBJC_ROOT_CLASS = YES_ERROR;
				CLANG_WARN_UNREACHABLE_CODE = YES;
				CLANG_WARN__DUPLICATE_METHOD_MATCH = YES;
				"CODE_SIGN_IDENTITY[sdk=iphoneos*]" = "iPhone Developer";
				COPY_PHASE_STRIP = NO;
				DEBUG_INFORMATION_FORMAT = "dwarf-with-dsym";
				ENABLE_NS_ASSERTIONS = NO;
				ENABLE_STRICT_OBJC_MSGSEND = YES;
				GCC_C_LANGUAGE_STANDARD = gnu99;
				GCC_NO_COMMON_BLOCKS = YES;
				GCC_WARN_64_TO_32_BIT_CONVERSION = YES;
				GCC_WARN_ABOUT_RETURN_TYPE = YES_ERROR;
				GCC_WARN_UNDECLARED_SELECTOR = YES;
				GCC_WARN_UNINITIALIZED_AUTOS = YES_AGGRESSIVE;
				GCC_WARN_UNUSED_FUNCTION = YES;
				GCC_WARN_UNUSED_VARIABLE = YES;
				IPHONEOS_DEPLOYMENT_TARGET = 9.3;
				MTL_ENABLE_DEBUG_INFO = NO;
				SDKROOT = iphoneos;
				TARGETED_DEVICE_FAMILY = "1,2";
				VALIDATE_PRODUCT = YES;
			};
			name = Release;
		};
		EAE37D571D342E080062981B /* Debug */ = {
			isa = XCBuildConfiguration;
			baseConfigurationReference = 032B562AD0FFDD3135DC9648 /* Pods-Space Fighter.debug.xcconfig */;
			buildSettings = {
				ASSETCATALOG_COMPILER_APPICON_NAME = AppIcon;
				CODE_SIGN_IDENTITY = "iPhone Developer";
				"CODE_SIGN_IDENTITY[sdk=iphoneos*]" = "iPhone Developer";
				FRAMEWORK_SEARCH_PATHS = (
					"$(inherited)",
					"$(PROJECT_DIR)",
				);
				INFOPLIST_FILE = "Space Fighter/Info.plist";
				IPHONEOS_DEPLOYMENT_TARGET = 9.0;
				LD_RUNPATH_SEARCH_PATHS = "$(inherited) @executable_path/Frameworks";
				PRODUCT_BUNDLE_IDENTIFIER = com.MarieFaureCuraz.SpaceFighter;
				PRODUCT_NAME = "$(TARGET_NAME)";
				PROVISIONING_PROFILE = "";
				TARGETED_DEVICE_FAMILY = "1,2";
			};
			name = Debug;
		};
		EAE37D581D342E080062981B /* Release */ = {
			isa = XCBuildConfiguration;
			baseConfigurationReference = 5935CDFEA1E4BCF8C7F3CB0A /* Pods-Space Fighter.release.xcconfig */;
			buildSettings = {
				ASSETCATALOG_COMPILER_APPICON_NAME = AppIcon;
				CODE_SIGN_IDENTITY = "iPhone Developer";
				"CODE_SIGN_IDENTITY[sdk=iphoneos*]" = "iPhone Developer";
				FRAMEWORK_SEARCH_PATHS = (
					"$(inherited)",
					"$(PROJECT_DIR)",
				);
				INFOPLIST_FILE = "Space Fighter/Info.plist";
				IPHONEOS_DEPLOYMENT_TARGET = 9.0;
				LD_RUNPATH_SEARCH_PATHS = "$(inherited) @executable_path/Frameworks";
				PRODUCT_BUNDLE_IDENTIFIER = com.MarieFaureCuraz.SpaceFighter;
				PRODUCT_NAME = "$(TARGET_NAME)";
				PROVISIONING_PROFILE = "f76de4e4-548d-4ea4-a5c1-1733c9defb6a";
				TARGETED_DEVICE_FAMILY = "1,2";
			};
			name = Release;
		};
/* End XCBuildConfiguration section */

/* Begin XCConfigurationList section */
		EAE37D3B1D342E080062981B /* Build configuration list for PBXProject "Space Fighter" */ = {
			isa = XCConfigurationList;
			buildConfigurations = (
				EAE37D541D342E080062981B /* Debug */,
				EAE37D551D342E080062981B /* Release */,
			);
			defaultConfigurationIsVisible = 0;
			defaultConfigurationName = Release;
		};
		EAE37D561D342E080062981B /* Build configuration list for PBXNativeTarget "Space Fighter" */ = {
			isa = XCConfigurationList;
			buildConfigurations = (
				EAE37D571D342E080062981B /* Debug */,
				EAE37D581D342E080062981B /* Release */,
			);
			defaultConfigurationIsVisible = 0;
			defaultConfigurationName = Release;
		};
/* End XCConfigurationList section */
	};
	rootObject = EAE37D381D342E080062981B /* Project object */;
}
